
Microsoft Visual Studio Solution File, Format Version 12.00
# Visual Studio 15
VisualStudioVersion = 15.0.28010.2036
MinimumVisualStudioVersion = 10.0.40219.1
Project("{FAE04EC0-301F-11D3-BF4B-00C04F79EFBC}") = "DemoDocker", "DemoDocker\DemoDocker.csproj", "{4614CD84-691B-4557-B84C-9C5C060A9CE9}"
EndProject
Global
	GlobalSection(SolutionConfigurationPlatforms) = preSolution
		Debug|Any CPU = Debug|Any CPU
		Release|Any CPU = Release|Any CPU
	EndGlobalSection
	GlobalSection(ProjectConfigurationPlatforms) = postSolution
		{4614CD84-691B-4557-B84C-9C5C060A9CE9}.Debug|Any CPU.ActiveCfg = Debug|Any CPU
		{4614CD84-691B-4557-B84C-9C5C060A9CE9}.Debug|Any CPU.Build.0 = Debug|Any CPU
		{4614CD84-691B-4557-B84C-9C5C060A9CE9}.Release|Any CPU.ActiveCfg = Release|Any CPU
		{4614CD84-691B-4557-B84C-9C5C060A9CE9}.Release|Any CPU.Build.0 = Release|Any CPU
	EndGlobalSection
	GlobalSection(SolutionProperties) = preSolution
		HideSolutionNode = FALSE
	EndGlobalSection
	GlobalSection(ExtensibilityGlobals) = postSolution
		SolutionGuid = {B007CF8E-A857-4980-BE92-F81151F47BBA}
	EndGlobalSection
EndGlobal
